// !$*UTF8*$!
{
	archiveVersion = 1;
	classes = {
	};
	objectVersion = 50;
	objects = {

/* Begin PBXBuildFile section */
		B06B5F7B26DF50290088E211 /* AppDelegate.swift in Sources */ = {isa = PBXBuildFile; fileRef = B06B5F7A26DF50290088E211 /* AppDelegate.swift */; };
		B06B5F7D26DF50290088E211 /* SceneDelegate.swift in Sources */ = {isa = PBXBuildFile; fileRef = B06B5F7C26DF50290088E211 /* SceneDelegate.swift */; };
		B06B5F7F26DF50290088E211 /* ViewController.swift in Sources */ = {isa = PBXBuildFile; fileRef = B06B5F7E26DF50290088E211 /* ViewController.swift */; };
		B06B5F8226DF50290088E211 /* Main.storyboard in Resources */ = {isa = PBXBuildFile; fileRef = B06B5F8026DF50290088E211 /* Main.storyboard */; };
		B06B5F8426DF502A0088E211 /* Assets.xcassets in Resources */ = {isa = PBXBuildFile; fileRef = B06B5F8326DF502A0088E211 /* Assets.xcassets */; };
		B06B5F8726DF502A0088E211 /* LaunchScreen.storyboard in Resources */ = {isa = PBXBuildFile; fileRef = B06B5F8526DF502A0088E211 /* LaunchScreen.storyboard */; };
		B06B5F9226DF502A0088E211 /* DemoTests.swift in Sources */ = {isa = PBXBuildFile; fileRef = B06B5F9126DF502A0088E211 /* DemoTests.swift */; };
		B06B5F9D26DF502A0088E211 /* DemoUITests.swift in Sources */ = {isa = PBXBuildFile; fileRef = B06B5F9C26DF502A0088E211 /* DemoUITests.swift */; };
		B06B5FAC26DF50580088E211 /* SFTextField.swift in Sources */ = {isa = PBXBuildFile; fileRef = B06B5FAB26DF50580088E211 /* SFTextField.swift */; };
/* End PBXBuildFile section */

/* Begin PBXContainerItemProxy section */
		B06B5F8E26DF502A0088E211 /* PBXContainerItemProxy */ = {
			isa = PBXContainerItemProxy;
			containerPortal = B06B5F6F26DF50290088E211 /* Project object */;
			proxyType = 1;
			remoteGlobalIDString = B06B5F7626DF50290088E211;
			remoteInfo = Demo;
		};
		B06B5F9926DF502A0088E211 /* PBXContainerItemProxy */ = {
			isa = PBXContainerItemProxy;
			containerPortal = B06B5F6F26DF50290088E211 /* Project object */;
			proxyType = 1;
			remoteGlobalIDString = B06B5F7626DF50290088E211;
			remoteInfo = Demo;
		};
/* End PBXContainerItemProxy section */

/* Begin PBXFileReference section */
		B06B5F7726DF50290088E211 /* Demo.app */ = {isa = PBXFileReference; explicitFileType = wrapper.application; includeInIndex = 0; path = Demo.app; sourceTree = BUILT_PRODUCTS_DIR; };
		B06B5F7A26DF50290088E211 /* AppDelegate.swift */ = {isa = PBXFileReference; lastKnownFileType = sourcecode.swift; path = AppDelegate.swift; sourceTree = "<group>"; };
		B06B5F7C26DF50290088E211 /* SceneDelegate.swift */ = {isa = PBXFileReference; lastKnownFileType = sourcecode.swift; path = SceneDelegate.swift; sourceTree = "<group>"; };
		B06B5F7E26DF50290088E211 /* ViewController.swift */ = {isa = PBXFileReference; lastKnownFileType = sourcecode.swift; path = ViewController.swift; sourceTree = "<group>"; };
		B06B5F8126DF50290088E211 /* Base */ = {isa = PBXFileReference; lastKnownFileType = file.storyboard; name = Base; path = Base.lproj/Main.storyboard; sourceTree = "<group>"; };
		B06B5F8326DF502A0088E211 /* Assets.xcassets */ = {isa = PBXFileReference; lastKnownFileType = folder.assetcatalog; path = Assets.xcassets; sourceTree = "<group>"; };
		B06B5F8626DF502A0088E211 /* Base */ = {isa = PBXFileReference; lastKnownFileType = file.storyboard; name = Base; path = Base.lproj/LaunchScreen.storyboard; sourceTree = "<group>"; };
		B06B5F8826DF502A0088E211 /* Info.plist */ = {isa = PBXFileReference; lastKnownFileType = text.plist.xml; path = Info.plist; sourceTree = "<group>"; };
		B06B5F8D26DF502A0088E211 /* DemoTests.xctest */ = {isa = PBXFileReference; explicitFileType = wrapper.cfbundle; includeInIndex = 0; path = DemoTests.xctest; sourceTree = BUILT_PRODUCTS_DIR; };
		B06B5F9126DF502A0088E211 /* DemoTests.swift */ = {isa = PBXFileReference; lastKnownFileType = sourcecode.swift; path = DemoTests.swift; sourceTree = "<group>"; };
		B06B5F9326DF502A0088E211 /* Info.plist */ = {isa = PBXFileReference; lastKnownFileType = text.plist.xml; path = Info.plist; sourceTree = "<group>"; };
		B06B5F9826DF502A0088E211 /* DemoUITests.xctest */ = {isa = PBXFileReference; explicitFileType = wrapper.cfbundle; includeInIndex = 0; path = DemoUITests.xctest; sourceTree = BUILT_PRODUCTS_DIR; };
		B06B5F9C26DF502A0088E211 /* DemoUITests.swift */ = {isa = PBXFileReference; lastKnownFileType = sourcecode.swift; path = DemoUITests.swift; sourceTree = "<group>"; };
		B06B5F9E26DF502A0088E211 /* Info.plist */ = {isa = PBXFileReference; lastKnownFileType = text.plist.xml; path = Info.plist; sourceTree = "<group>"; };
		B06B5FAB26DF50580088E211 /* SFTextField.swift */ = {isa = PBXFileReference; lastKnownFileType = sourcecode.swift; path = SFTextField.swift; sourceTree = "<group>"; };
/* End PBXFileReference section */

/* Begin PBXFrameworksBuildPhase section */
		B06B5F7426DF50290088E211 /* Frameworks */ = {
			isa = PBXFrameworksBuildPhase;
			buildActionMask = 2147483647;
			files = (
			);
			runOnlyForDeploymentPostprocessing = 0;
		};
		B06B5F8A26DF502A0088E211 /* Frameworks */ = {
			isa = PBXFrameworksBuildPhase;
			buildActionMask = 2147483647;
			files = (
			);
			runOnlyForDeploymentPostprocessing = 0;
		};
		B06B5F9526DF502A0088E211 /* Frameworks */ = {
			isa = PBXFrameworksBuildPhase;
			buildActionMask = 2147483647;
			files = (
			);
			runOnlyForDeploymentPostprocessing = 0;
		};
/* End PBXFrameworksBuildPhase section */

/* Begin PBXGroup section */
		B06B5F6E26DF50290088E211 = {
			isa = PBXGroup;
			children = (
				B06B5F7926DF50290088E211 /* Demo */,
				B06B5F9026DF502A0088E211 /* DemoTests */,
				B06B5F9B26DF502A0088E211 /* DemoUITests */,
				B06B5F7826DF50290088E211 /* Products */,
			);
			sourceTree = "<group>";
		};
		B06B5F7826DF50290088E211 /* Products */ = {
			isa = PBXGroup;
			children = (
				B06B5F7726DF50290088E211 /* Demo.app */,
				B06B5F8D26DF502A0088E211 /* DemoTests.xctest */,
				B06B5F9826DF502A0088E211 /* DemoUITests.xctest */,
			);
			name = Products;
			sourceTree = "<group>";
		};
		B06B5F7926DF50290088E211 /* Demo */ = {
			isa = PBXGroup;
			children = (
				B06B5FAA26DF50340088E211 /* sources */,
				B06B5F7A26DF50290088E211 /* AppDelegate.swift */,
				B06B5F7C26DF50290088E211 /* SceneDelegate.swift */,
				B06B5F7E26DF50290088E211 /* ViewController.swift */,
				B06B5F8026DF50290088E211 /* Main.storyboard */,
				B06B5F8326DF502A0088E211 /* Assets.xcassets */,
				B06B5F8526DF502A0088E211 /* LaunchScreen.storyboard */,
				B06B5F8826DF502A0088E211 /* Info.plist */,
			);
			path = Demo;
			sourceTree = "<group>";
		};
		B06B5F9026DF502A0088E211 /* DemoTests */ = {
			isa = PBXGroup;
			children = (
				B06B5F9126DF502A0088E211 /* DemoTests.swift */,
				B06B5F9326DF502A0088E211 /* Info.plist */,
			);
			path = DemoTests;
			sourceTree = "<group>";
		};
		B06B5F9B26DF502A0088E211 /* DemoUITests */ = {
			isa = PBXGroup;
			children = (
				B06B5F9C26DF502A0088E211 /* DemoUITests.swift */,
				B06B5F9E26DF502A0088E211 /* Info.plist */,
			);
			path = DemoUITests;
			sourceTree = "<group>";
		};
		B06B5FAA26DF50340088E211 /* sources */ = {
			isa = PBXGroup;
			children = (
				B06B5FAB26DF50580088E211 /* SFTextField.swift */,
			);
			path = sources;
			sourceTree = "<group>";
		};
/* End PBXGroup section */

/* Begin PBXNativeTarget section */
		B06B5F7626DF50290088E211 /* Demo */ = {
			isa = PBXNativeTarget;
			buildConfigurationList = B06B5FA126DF502A0088E211 /* Build configuration list for PBXNativeTarget "Demo" */;
			buildPhases = (
				B06B5F7326DF50290088E211 /* Sources */,
				B06B5F7426DF50290088E211 /* Frameworks */,
				B06B5F7526DF50290088E211 /* Resources */,
			);
			buildRules = (
			);
			dependencies = (
			);
			name = Demo;
			productName = Demo;
			productReference = B06B5F7726DF50290088E211 /* Demo.app */;
			productType = "com.apple.product-type.application";
		};
		B06B5F8C26DF502A0088E211 /* DemoTests */ = {
			isa = PBXNativeTarget;
			buildConfigurationList = B06B5FA426DF502A0088E211 /* Build configuration list for PBXNativeTarget "DemoTests" */;
			buildPhases = (
				B06B5F8926DF502A0088E211 /* Sources */,
				B06B5F8A26DF502A0088E211 /* Frameworks */,
				B06B5F8B26DF502A0088E211 /* Resources */,
			);
			buildRules = (
			);
			dependencies = (
				B06B5F8F26DF502A0088E211 /* PBXTargetDependency */,
			);
			name = DemoTests;
			productName = DemoTests;
			productReference = B06B5F8D26DF502A0088E211 /* DemoTests.xctest */;
			productType = "com.apple.product-type.bundle.unit-test";
		};
		B06B5F9726DF502A0088E211 /* DemoUITests */ = {
			isa = PBXNativeTarget;
			buildConfigurationList = B06B5FA726DF502A0088E211 /* Build configuration list for PBXNativeTarget "DemoUITests" */;
			buildPhases = (
				B06B5F9426DF502A0088E211 /* Sources */,
				B06B5F9526DF502A0088E211 /* Frameworks */,
				B06B5F9626DF502A0088E211 /* Resources */,
			);
			buildRules = (
			);
			dependencies = (
				B06B5F9A26DF502A0088E211 /* PBXTargetDependency */,
			);
			name = DemoUITests;
			productName = DemoUITests;
			productReference = B06B5F9826DF502A0088E211 /* DemoUITests.xctest */;
			productType = "com.apple.product-type.bundle.ui-testing";
		};
/* End PBXNativeTarget section */

/* Begin PBXProject section */
		B06B5F6F26DF50290088E211 /* Project object */ = {
			isa = PBXProject;
			attributes = {
				LastSwiftUpdateCheck = 1250;
				LastUpgradeCheck = 1250;
				TargetAttributes = {
					B06B5F7626DF50290088E211 = {
						CreatedOnToolsVersion = 12.5.1;
					};
					B06B5F8C26DF502A0088E211 = {
						CreatedOnToolsVersion = 12.5.1;
						TestTargetID = B06B5F7626DF50290088E211;
					};
					B06B5F9726DF502A0088E211 = {
						CreatedOnToolsVersion = 12.5.1;
						TestTargetID = B06B5F7626DF50290088E211;
					};
				};
			};
			buildConfigurationList = B06B5F7226DF50290088E211 /* Build configuration list for PBXProject "Demo" */;
			compatibilityVersion = "Xcode 9.3";
			developmentRegion = en;
			hasScannedForEncodings = 0;
			knownRegions = (
				en,
				Base,
			);
			mainGroup = B06B5F6E26DF50290088E211;
			productRefGroup = B06B5F7826DF50290088E211 /* Products */;
			projectDirPath = "";
			projectRoot = "";
			targets = (
				B06B5F7626DF50290088E211 /* Demo */,
				B06B5F8C26DF502A0088E211 /* DemoTests */,
				B06B5F9726DF502A0088E211 /* DemoUITests */,
			);
		};
/* End PBXProject section */

/* Begin PBXResourcesBuildPhase section */
		B06B5F7526DF50290088E211 /* Resources */ = {
			isa = PBXResourcesBuildPhase;
			buildActionMask = 2147483647;
			files = (
				B06B5F8726DF502A0088E211 /* LaunchScreen.storyboard in Resources */,
				B06B5F8426DF502A0088E211 /* Assets.xcassets in Resources */,
				B06B5F8226DF50290088E211 /* Main.storyboard in Resources */,
			);
			runOnlyForDeploymentPostprocessing = 0;
		};
		B06B5F8B26DF502A0088E211 /* Resources */ = {
			isa = PBXResourcesBuildPhase;
			buildActionMask = 2147483647;
			files = (
			);
			runOnlyForDeploymentPostprocessing = 0;
		};
		B06B5F9626DF502A0088E211 /* Resources */ = {
			isa = PBXResourcesBuildPhase;
			buildActionMask = 2147483647;
			files = (
			);
			runOnlyForDeploymentPostprocessing = 0;
		};
/* End PBXResourcesBuildPhase section */

/* Begin PBXSourcesBuildPhase section */
		B06B5F7326DF50290088E211 /* Sources */ = {
			isa = PBXSourcesBuildPhase;
			buildActionMask = 2147483647;
			files = (
				B06B5F7F26DF50290088E211 /* ViewController.swift in Sources */,
				B06B5F7B26DF50290088E211 /* AppDelegate.swift in Sources */,
				B06B5FAC26DF50580088E211 /* SFTextField.swift in Sources */,
				B06B5F7D26DF50290088E211 /* SceneDelegate.swift in Sources */,
			);
			runOnlyForDeploymentPostprocessing = 0;
		};
		B06B5F8926DF502A0088E211 /* Sources */ = {
			isa = PBXSourcesBuildPhase;
			buildActionMask = 2147483647;
			files = (
				B06B5F9226DF502A0088E211 /* DemoTests.swift in Sources */,
			);
			runOnlyForDeploymentPostprocessing = 0;
		};
		B06B5F9426DF502A0088E211 /* Sources */ = {
			isa = PBXSourcesBuildPhase;
			buildActionMask = 2147483647;
			files = (
				B06B5F9D26DF502A0088E211 /* DemoUITests.swift in Sources */,
			);
			runOnlyForDeploymentPostprocessing = 0;
		};
/* End PBXSourcesBuildPhase section */

/* Begin PBXTargetDependency section */
		B06B5F8F26DF502A0088E211 /* PBXTargetDependency */ = {
			isa = PBXTargetDependency;
			target = B06B5F7626DF50290088E211 /* Demo */;
			targetProxy = B06B5F8E26DF502A0088E211 /* PBXContainerItemProxy */;
		};
		B06B5F9A26DF502A0088E211 /* PBXTargetDependency */ = {
			isa = PBXTargetDependency;
			target = B06B5F7626DF50290088E211 /* Demo */;
			targetProxy = B06B5F9926DF502A0088E211 /* PBXContainerItemProxy */;
		};
/* End PBXTargetDependency section */

/* Begin PBXVariantGroup section */
		B06B5F8026DF50290088E211 /* Main.storyboard */ = {
			isa = PBXVariantGroup;
			children = (
				B06B5F8126DF50290088E211 /* Base */,
			);
			name = Main.storyboard;
			sourceTree = "<group>";
		};
		B06B5F8526DF502A0088E211 /* LaunchScreen.storyboard */ = {
			isa = PBXVariantGroup;
			children = (
				B06B5F8626DF502A0088E211 /* Base */,
			);
			name = LaunchScreen.storyboard;
			sourceTree = "<group>";
		};
/* End PBXVariantGroup section */

/* Begin XCBuildConfiguration section */
		B06B5F9F26DF502A0088E211 /* Debug */ = {
			isa = XCBuildConfiguration;
			buildSettings = {
				ALWAYS_SEARCH_USER_PATHS = NO;
				CLANG_ANALYZER_NONNULL = YES;
				CLANG_ANALYZER_NUMBER_OBJECT_CONVERSION = YES_AGGRESSIVE;
				CLANG_CXX_LANGUAGE_STANDARD = "gnu++14";
				CLANG_CXX_LIBRARY = "libc++";
				CLANG_ENABLE_MODULES = YES;
				CLANG_ENABLE_OBJC_ARC = YES;
				CLANG_ENABLE_OBJC_WEAK = YES;
				CLANG_WARN_BLOCK_CAPTURE_AUTORELEASING = YES;
				CLANG_WARN_BOOL_CONVERSION = YES;
				CLANG_WARN_COMMA = YES;
				CLANG_WARN_CONSTANT_CONVERSION = YES;
				CLANG_WARN_DEPRECATED_OBJC_IMPLEMENTATIONS = YES;
				CLANG_WARN_DIRECT_OBJC_ISA_USAGE = YES_ERROR;
				CLANG_WARN_DOCUMENTATION_COMMENTS = YES;
				CLANG_WARN_EMPTY_BODY = YES;
				CLANG_WARN_ENUM_CONVERSION = YES;
				CLANG_WARN_INFINITE_RECURSION = YES;
				CLANG_WARN_INT_CONVERSION = YES;
				CLANG_WARN_NON_LITERAL_NULL_CONVERSION = YES;
				CLANG_WARN_OBJC_IMPLICIT_RETAIN_SELF = YES;
				CLANG_WARN_OBJC_LITERAL_CONVERSION = YES;
				CLANG_WARN_OBJC_ROOT_CLASS = YES_ERROR;
				CLANG_WARN_QUOTED_INCLUDE_IN_FRAMEWORK_HEADER = YES;
				CLANG_WARN_RANGE_LOOP_ANALYSIS = YES;
				CLANG_WARN_STRICT_PROTOTYPES = YES;
				CLANG_WARN_SUSPICIOUS_MOVE = YES;
				CLANG_WARN_UNGUARDED_AVAILABILITY = YES_AGGRESSIVE;
				CLANG_WARN_UNREACHABLE_CODE = YES;
				CLANG_WARN__DUPLICATE_METHOD_MATCH = YES;
				COPY_PHASE_STRIP = NO;
				DEBUG_INFORMATION_FORMAT = dwarf;
				ENABLE_STRICT_OBJC_MSGSEND = YES;
				ENABLE_TESTABILITY = YES;
				GCC_C_LANGUAGE_STANDARD = gnu11;
				GCC_DYNAMIC_NO_PIC = NO;
				GCC_NO_COMMON_BLOCKS = YES;
				GCC_OPTIMIZATION_LEVEL = 0;
				GCC_PREPROCESSOR_DEFINITIONS = (
					"DEBUG=1",
					"$(inherited)",
				);
				GCC_WARN_64_TO_32_BIT_CONVERSION = YES;
				GCC_WARN_ABOUT_RETURN_TYPE = YES_ERROR;
				GCC_WARN_UNDECLARED_SELECTOR = YES;
				GCC_WARN_UNINITIALIZED_AUTOS = YES_AGGRESSIVE;
				GCC_WARN_UNUSED_FUNCTION = YES;
				GCC_WARN_UNUSED_VARIABLE = YES;
				IPHONEOS_DEPLOYMENT_TARGET = 14.5;
				MTL_ENABLE_DEBUG_INFO = INCLUDE_SOURCE;
				MTL_FAST_MATH = YES;
				ONLY_ACTIVE_ARCH = YES;
				SDKROOT = iphoneos;
				SWIFT_ACTIVE_COMPILATION_CONDITIONS = DEBUG;
				SWIFT_OPTIMIZATION_LEVEL = "-Onone";
			};
			name = Debug;
		};
		B06B5FA026DF502A0088E211 /* Release */ = {
			isa = XCBuildConfiguration;
			buildSettings = {
				ALWAYS_SEARCH_USER_PATHS = NO;
				CLANG_ANALYZER_NONNULL = YES;
				CLANG_ANALYZER_NUMBER_OBJECT_CONVERSION = YES_AGGRESSIVE;
				CLANG_CXX_LANGUAGE_STANDARD = "gnu++14";
				CLANG_CXX_LIBRARY = "libc++";
				CLANG_ENABLE_MODULES = YES;
				CLANG_ENABLE_OBJC_ARC = YES;
				CLANG_ENABLE_OBJC_WEAK = YES;
				CLANG_WARN_BLOCK_CAPTURE_AUTORELEASING = YES;
				CLANG_WARN_BOOL_CONVERSION = YES;
				CLANG_WARN_COMMA = YES;
				CLANG_WARN_CONSTANT_CONVERSION = YES;
				CLANG_WARN_DEPRECATED_OBJC_IMPLEMENTATIONS = YES;
				CLANG_WARN_DIRECT_OBJC_ISA_USAGE = YES_ERROR;
				CLANG_WARN_DOCUMENTATION_COMMENTS = YES;
				CLANG_WARN_EMPTY_BODY = YES;
				CLANG_WARN_ENUM_CONVERSION = YES;
				CLANG_WARN_INFINITE_RECURSION = YES;
				CLANG_WARN_INT_CONVERSION = YES;
				CLANG_WARN_NON_LITERAL_NULL_CONVERSION = YES;
				CLANG_WARN_OBJC_IMPLICIT_RETAIN_SELF = YES;
				CLANG_WARN_OBJC_LITERAL_CONVERSION = YES;
				CLANG_WARN_OBJC_ROOT_CLASS = YES_ERROR;
				CLANG_WARN_QUOTED_INCLUDE_IN_FRAMEWORK_HEADER = YES;
				CLANG_WARN_RANGE_LOOP_ANALYSIS = YES;
				CLANG_WARN_STRICT_PROTOTYPES = YES;
				CLANG_WARN_SUSPICIOUS_MOVE = YES;
				CLANG_WARN_UNGUARDED_AVAILABILITY = YES_AGGRESSIVE;
				CLANG_WARN_UNREACHABLE_CODE = YES;
				CLANG_WARN__DUPLICATE_METHOD_MATCH = YES;
				COPY_PHASE_STRIP = NO;
				DEBUG_INFORMATION_FORMAT = "dwarf-with-dsym";
				ENABLE_NS_ASSERTIONS = NO;
				ENABLE_STRICT_OBJC_MSGSEND = YES;
				GCC_C_LANGUAGE_STANDARD = gnu11;
				GCC_NO_COMMON_BLOCKS = YES;
				GCC_WARN_64_TO_32_BIT_CONVERSION = YES;
				GCC_WARN_ABOUT_RETURN_TYPE = YES_ERROR;
				GCC_WARN_UNDECLARED_SELECTOR = YES;
				GCC_WARN_UNINITIALIZED_AUTOS = YES_AGGRESSIVE;
				GCC_WARN_UNUSED_FUNCTION = YES;
				GCC_WARN_UNUSED_VARIABLE = YES;
				IPHONEOS_DEPLOYMENT_TARGET = 14.5;
				MTL_ENABLE_DEBUG_INFO = NO;
				MTL_FAST_MATH = YES;
				SDKROOT = iphoneos;
				SWIFT_COMPILATION_MODE = wholemodule;
				SWIFT_OPTIMIZATION_LEVEL = "-O";
				VALIDATE_PRODUCT = YES;
			};
			name = Release;
		};
		B06B5FA226DF502A0088E211 /* Debug */ = {
			isa = XCBuildConfiguration;
			buildSettings = {
				ASSETCATALOG_COMPILER_APPICON_NAME = AppIcon;
				ASSETCATALOG_COMPILER_GLOBAL_ACCENT_COLOR_NAME = AccentColor;
				CODE_SIGN_STYLE = Automatic;
				DEVELOPMENT_TEAM = 5N84U4J74N;
				INFOPLIST_FILE = Demo/Info.plist;
				LD_RUNPATH_SEARCH_PATHS = (
					"$(inherited)",
					"@executable_path/Frameworks",
				);
				PRODUCT_BUNDLE_IDENTIFIER = com.test.stroman.Demo;
				PRODUCT_NAME = "$(TARGET_NAME)";
				SWIFT_VERSION = 5.0;
				TARGETED_DEVICE_FAMILY = "1,2";
			};
			name = Debug;
		};
		B06B5FA326DF502A0088E211 /* Release */ = {
			isa = XCBuildConfiguration;
			buildSettings = {
				ASSETCATALOG_COMPILER_APPICON_NAME = AppIcon;
				ASSETCATALOG_COMPILER_GLOBAL_ACCENT_COLOR_NAME = AccentColor;
				CODE_SIGN_STYLE = Automatic;
				DEVELOPMENT_TEAM = 5N84U4J74N;
				INFOPLIST_FILE = Demo/Info.plist;
				LD_RUNPATH_SEARCH_PATHS = (
					"$(inherited)",
					"@executable_path/Frameworks",
				);
				PRODUCT_BUNDLE_IDENTIFIER = com.test.stroman.Demo;
				PRODUCT_NAME = "$(TARGET_NAME)";
				SWIFT_VERSION = 5.0;
				TARGETED_DEVICE_FAMILY = "1,2";
			};
			name = Release;
		};
		B06B5FA526DF502A0088E211 /* Debug */ = {
			isa = XCBuildConfiguration;
			buildSettings = {
				ALWAYS_EMBED_SWIFT_STANDARD_LIBRARIES = YES;
				BUNDLE_LOADER = "$(TEST_HOST)";
				CODE_SIGN_STYLE = Automatic;
				DEVELOPMENT_TEAM = 5N84U4J74N;
				INFOPLIST_FILE = DemoTests/Info.plist;
				IPHONEOS_DEPLOYMENT_TARGET = 14.5;
				LD_RUNPATH_SEARCH_PATHS = (
					"$(inherited)",
					"@executable_path/Frameworks",
					"@loader_path/Frameworks",
				);
				PRODUCT_BUNDLE_IDENTIFIER = com.test.stroman.DemoTests;
				PRODUCT_NAME = "$(TARGET_NAME)";
				SWIFT_VERSION = 5.0;
				TARGETED_DEVICE_FAMILY = "1,2";
				TEST_HOST = "$(BUILT_PRODUCTS_DIR)/Demo.app/Demo";
			};
			name = Debug;
		};
		B06B5FA626DF502A0088E211 /* Release */ = {
			isa = XCBuildConfiguration;
			buildSettings = {
				ALWAYS_EMBED_SWIFT_STANDARD_LIBRARIES = YES;
				BUNDLE_LOADER = "$(TEST_HOST)";
				CODE_SIGN_STYLE = Automatic;
				DEVELOPMENT_TEAM = 5N84U4J74N;
				INFOPLIST_FILE = DemoTests/Info.plist;
				IPHONEOS_DEPLOYMENT_TARGET = 14.5;
				LD_RUNPATH_SEARCH_PATHS = (
					"$(inherited)",
					"@executable_path/Frameworks",
					"@loader_path/Frameworks",
				);
				PRODUCT_BUNDLE_IDENTIFIER = com.test.stroman.DemoTests;
				PRODUCT_NAME = "$(TARGET_NAME)";
				SWIFT_VERSION = 5.0;
				TARGETED_DEVICE_FAMILY = "1,2";
				TEST_HOST = "$(BUILT_PRODUCTS_DIR)/Demo.app/Demo";
			};
			name = Release;
		};
		B06B5FA826DF502A0088E211 /* Debug */ = {
			isa = XCBuildConfiguration;
			buildSettings = {
				ALWAYS_EMBED_SWIFT_STANDARD_LIBRARIES = YES;
				CODE_SIGN_STYLE = Automatic;
				DEVELOPMENT_TEAM = 5N84U4J74N;
				INFOPLIST_FILE = DemoUITests/Info.plist;
				LD_RUNPATH_SEARCH_PATHS = (
					"$(inherited)",
					"@executable_path/Frameworks",
					"@loader_path/Frameworks",
				);
				PRODUCT_BUNDLE_IDENTIFIER = com.test.stroman.DemoUITests;
				PRODUCT_NAME = "$(TARGET_NAME)";
				SWIFT_VERSION = 5.0;
				TARGETED_DEVICE_FAMILY = "1,2";
				TEST_TARGET_NAME = Demo;
			};
			name = Debug;
		};
		B06B5FA926DF502A0088E211 /* Release */ = {
			isa = XCBuildConfiguration;
			buildSettings = {
				ALWAYS_EMBED_SWIFT_STANDARD_LIBRARIES = YES;
				CODE_SIGN_STYLE = Automatic;
				DEVELOPMENT_TEAM = 5N84U4J74N;
				INFOPLIST_FILE = DemoUITests/Info.plist;
				LD_RUNPATH_SEARCH_PATHS = (
					"$(inherited)",
					"@executable_path/Frameworks",
					"@loader_path/Frameworks",
				);
				PRODUCT_BUNDLE_IDENTIFIER = com.test.stroman.DemoUITests;
				PRODUCT_NAME = "$(TARGET_NAME)";
				SWIFT_VERSION = 5.0;
				TARGETED_DEVICE_FAMILY = "1,2";
				TEST_TARGET_NAME = Demo;
			};
			name = Release;
		};
/* End XCBuildConfiguration section */

/* Begin XCConfigurationList section */
		B06B5F7226DF50290088E211 /* Build configuration list for PBXProject "Demo" */ = {
			isa = XCConfigurationList;
			buildConfigurations = (
				B06B5F9F26DF502A0088E211 /* Debug */,
				B06B5FA026DF502A0088E211 /* Release */,
			);
			defaultConfigurationIsVisible = 0;
			defaultConfigurationName = Release;
		};
		B06B5FA126DF502A0088E211 /* Build configuration list for PBXNativeTarget "Demo" */ = {
			isa = XCConfigurationList;
			buildConfigurations = (
				B06B5FA226DF502A0088E211 /* Debug */,
				B06B5FA326DF502A0088E211 /* Release */,
			);
			defaultConfigurationIsVisible = 0;
			defaultConfigurationName = Release;
		};
		B06B5FA426DF502A0088E211 /* Build configuration list for PBXNativeTarget "DemoTests" */ = {
			isa = XCConfigurationList;
			buildConfigurations = (
				B06B5FA526DF502A0088E211 /* Debug */,
				B06B5FA626DF502A0088E211 /* Release */,
			);
			defaultConfigurationIsVisible = 0;
			defaultConfigurationName = Release;
		};
		B06B5FA726DF502A0088E211 /* Build configuration list for PBXNativeTarget "DemoUITests" */ = {
			isa = XCConfigurationList;
			buildConfigurations = (
				B06B5FA826DF502A0088E211 /* Debug */,
				B06B5FA926DF502A0088E211 /* Release */,
			);
			defaultConfigurationIsVisible = 0;
			defaultConfigurationName = Release;
		};
/* End XCConfigurationList section */
	};
	rootObject = B06B5F6F26DF50290088E211 /* Project object */;
}
